
Microsoft Visual Studio Solution File, Format Version 12.00
# Visual Studio Version 16
VisualStudioVersion = 16.0.31613.86
MinimumVisualStudioVersion = 10.0.40219.1
Project("{FAE04EC0-301F-11D3-BF4B-00C04F79EFBC}") = "chat", "chat.csproj", "{0261FCED-8506-4EC0-8C82-F2DD5B36B42C}"
EndProject
Global
	GlobalSection(SolutionConfigurationPlatforms) = preSolution
		Debug|Any CPU = Debug|Any CPU
		Release|Any CPU = Release|Any CPU
	EndGlobalSection
	GlobalSection(ProjectConfigurationPlatforms) = postSolution
		{0261FCED-8506-4EC0-8C82-F2DD5B36B42C}.Debug|Any CPU.ActiveCfg = Debug|Any CPU
		{0261FCED-8506-4EC0-8C82-F2DD5B36B42C}.Debug|Any CPU.Build.0 = Debug|Any CPU
		{0261FCED-8506-4EC0-8C82-F2DD5B36B42C}.Release|Any CPU.ActiveCfg = Release|Any CPU
		{0261FCED-8506-4EC0-8C82-F2DD5B36B42C}.Release|Any CPU.Build.0 = Release|Any CPU
	EndGlobalSection
	GlobalSection(SolutionProperties) = preSolution
		HideSolutionNode = FALSE
	EndGlobalSection
	GlobalSection(ExtensibilityGlobals) = postSolution
		SolutionGuid = {60EB2732-AAA3-4290-A7F9-3F27A18B12A0}
	EndGlobalSection
EndGlobal
